
Microsoft Visual Studio Solution File, Format Version 12.00
# Visual Studio Version 17
VisualStudioVersion = 17.0.31912.275
MinimumVisualStudioVersion = 10.0.40219.1
Project("{FAE04EC0-301F-11D3-BF4B-00C04F79EFBC}") = "19_Task", "19_Task\19_Task.csproj", "{E8CD393F-0FAF-48FE-A502-655A434C085D}"
EndProject
Global
	GlobalSection(SolutionConfigurationPlatforms) = preSolution
		Debug|Any CPU = Debug|Any CPU
		Release|Any CPU = Release|Any CPU
	EndGlobalSection
	GlobalSection(ProjectConfigurationPlatforms) = postSolution
		{E8CD393F-0FAF-48FE-A502-655A434C085D}.Debug|Any CPU.ActiveCfg = Debug|Any CPU
		{E8CD393F-0FAF-48FE-A502-655A434C085D}.Debug|Any CPU.Build.0 = Debug|Any CPU
		{E8CD393F-0FAF-48FE-A502-655A434C085D}.Release|Any CPU.ActiveCfg = Release|Any CPU
		{E8CD393F-0FAF-48FE-A502-655A434C085D}.Release|Any CPU.Build.0 = Release|Any CPU
	EndGlobalSection
	GlobalSection(SolutionProperties) = preSolution
		HideSolutionNode = FALSE
	EndGlobalSection
	GlobalSection(ExtensibilityGlobals) = postSolution
		SolutionGuid = {EFF36C98-8E07-42A3-8B86-DF7F22FF4360}
	EndGlobalSection
EndGlobal
